{
	"name": "shopro-plus",
	"version": "1.0.0",
	"lockfileVersion": 1,
	"requires": true,
	"dependencies": {
		"jweixin-module": {
			"version": "1.6.0",
			"resolved": "https://registry.npmmirror.com/jweixin-module/-/jweixin-module-1.6.0.tgz",
			"integrity": "sha512-dGk9cf+ipipHmtzYmKZs5B2toX+p4hLyllGLF6xuC8t+B05oYxd8fYoaRz0T30U2n3RUv8a4iwvjhA+OcYz52w=="
		},
		"uni-read-pages": {
			"version": "1.0.5",
			"resolved": "https://registry.npmmirror.com/uni-read-pages/-/uni-read-pages-1.0.5.tgz",
			"integrity": "sha512-GkrrZ0LX0vn9R5k6RKEi0Ez3Q3e2vUpjXQ8Z6/K/d28KudI9ajqgt8WEjQFlG5EPm1K6uTArN8LlqmZTEixDUA=="
		},
		"uni-simple-router": {
			"version": "2.0.7",
			"resolved": "https://registry.npmmirror.com/uni-simple-router/-/uni-simple-router-2.0.7.tgz",
			"integrity": "sha512-8FKv5dw7Eoonm0gkO8udprrxzin0fNUI0+AvIphFkFRH5ZmP5ZWJ2pvnWzb2NiiqQSECTSU5VSB7HhvOSwD5eA=="
		},
		"vconsole": {
			"version": "3.14.6",
			"resolved": "https://registry.npmmirror.com/vconsole/-/vconsole-3.14.6.tgz",
			"integrity": "sha512-8Ffk2SfNe6EzKqZ0aNnNjpAVBVT7zgJo81lYEJdKySYLVYBeSawdSkWi9fSjDg3WsQhgS1vNPmRqJDTuwdVbnQ==",
			"requires": {
				"@babel/runtime": "^7.17.2",
				"copy-text-to-clipboard": "^3.0.1",
				"core-js": "^3.11.0",
				"mutation-observer": "^1.0.3"
			},
			"dependencies": {
				"@babel/runtime": {
					"version": "7.18.9",
					"resolved": "https://registry.npmmirror.com/@babel/runtime/-/runtime-7.18.9.tgz",
					"integrity": "sha512-lkqXDcvlFT5rvEjiu6+QYO+1GXrEHRo2LOtS7E4GtX5ESIZOgepqsZBVIj6Pv+a6zqsya9VCgiK1KAK4BvJDAw==",
					"requires": {
						"regenerator-runtime": "^0.13.4"
					}
				},
				"copy-text-to-clipboard": {
					"version": "3.0.1",
					"resolved": "https://registry.npmmirror.com/copy-text-to-clipboard/-/copy-text-to-clipboard-3.0.1.tgz",
					"integrity": "sha512-rvVsHrpFcL4F2P8ihsoLdFHmd404+CMg71S756oRSeQgqk51U3kicGdnvfkrxva0xXH92SjGS62B0XIJsbh+9Q=="
				},
				"core-js": {
					"version": "3.24.1",
					"resolved": "https://registry.npmmirror.com/core-js/-/core-js-3.24.1.tgz",
					"integrity": "sha512-0QTBSYSUZ6Gq21utGzkfITDylE8jWC9Ne1D2MrhvlsZBI1x39OdDIVbzSqtgMndIy6BlHxBXpMGqzZmnztg2rg=="
				},
				"mutation-observer": {
					"version": "1.0.3",
					"resolved": "https://registry.npmmirror.com/mutation-observer/-/mutation-observer-1.0.3.tgz",
					"integrity": "sha512-M/O/4rF2h776hV7qGMZUH3utZLO/jK7p8rnNgGkjKUw8zCGjRQPxB8z6+5l8+VjRUQ3dNYu4vjqXYLr+U8ZVNA=="
				},
				"regenerator-runtime": {
					"version": "0.13.9",
					"resolved": "https://registry.npmmirror.com/regenerator-runtime/-/regenerator-runtime-0.13.9.tgz",
					"integrity": "sha512-p3VT+cOEgxFsRRA9X4lkI1E+k2/CtnKtU4gcxyaCUreilL/vqI6CdZ3wxVUx3UOUg+gnUOQQcRI7BmSI656MYA=="
				}
			}
		}
	}
}
